
Microsoft Visual Studio Solution File, Format Version 11.00
# Visual Studio 2010
Project("{FAE04EC0-301F-11D3-BF4B-00C04F79EFBC}") = "Assembly-CSharp", "Assembly-CSharp.csproj", "{442b7011-8700-756a-565c-45db34555374}"
EndProject
Project("{FAE04EC0-301F-11D3-BF4B-00C04F79EFBC}") = "Assembly-CSharp-Editor", "Assembly-CSharp-Editor.csproj", "{f52a9657-d434-e3c1-0755-809705a30ed3}"
EndProject
Global
	GlobalSection(SolutionConfigurationPlatforms) = preSolution
		Debug|Any CPU = Debug|Any CPU
	EndGlobalSection
	GlobalSection(ProjectConfigurationPlatforms) = postSolution
		{442b7011-8700-756a-565c-45db34555374}.Debug|Any CPU.ActiveCfg = Debug|Any CPU
		{442b7011-8700-756a-565c-45db34555374}.Debug|Any CPU.Build.0 = Debug|Any CPU
		{f52a9657-d434-e3c1-0755-809705a30ed3}.Debug|Any CPU.ActiveCfg = Debug|Any CPU
		{f52a9657-d434-e3c1-0755-809705a30ed3}.Debug|Any CPU.Build.0 = Debug|Any CPU
	EndGlobalSection
	GlobalSection(SolutionProperties) = preSolution
		HideSolutionNode = FALSE
	EndGlobalSection
EndGlobal
